
Microsoft Visual Studio Solution File, Format Version 12.00
# Visual Studio Version 17
VisualStudioVersion = 17.9.34616.47
MinimumVisualStudioVersion = 10.0.40219.1
Project("{FAE04EC0-301F-11D3-BF4B-00C04F79EFBC}") = "AdventOfCode", "AdventOfCode.csproj", "{EF061332-95EC-42AA-96B2-5A45D30FB0DD}"
EndProject
Project("{FAE04EC0-301F-11D3-BF4B-00C04F79EFBC}") = "AdventOfCode.Test", "..\AdventOfCode.Test\AdventOfCode.Test.csproj", "{1A3984E7-6761-4B1B-BE60-FE4EAE5D9B66}"
EndProject
Project("{FAE04EC0-301F-11D3-BF4B-00C04F79EFBC}") = "AdventOfCode.Console", "..\AdventOfCode.Console\AdventOfCode.Console.csproj", "{FAC819EF-BF3E-414F-B3C4-4C1E84FEA91F}"
EndProject
Global
	GlobalSection(SolutionConfigurationPlatforms) = preSolution
		Debug|Any CPU = Debug|Any CPU
		Release|Any CPU = Release|Any CPU
	EndGlobalSection
	GlobalSection(ProjectConfigurationPlatforms) = postSolution
		{EF061332-95EC-42AA-96B2-5A45D30FB0DD}.Debug|Any CPU.ActiveCfg = Debug|Any CPU
		{EF061332-95EC-42AA-96B2-5A45D30FB0DD}.Debug|Any CPU.Build.0 = Debug|Any CPU
		{EF061332-95EC-42AA-96B2-5A45D30FB0DD}.Release|Any CPU.ActiveCfg = Release|Any CPU
		{EF061332-95EC-42AA-96B2-5A45D30FB0DD}.Release|Any CPU.Build.0 = Release|Any CPU
		{1A3984E7-6761-4B1B-BE60-FE4EAE5D9B66}.Debug|Any CPU.ActiveCfg = Debug|Any CPU
		{1A3984E7-6761-4B1B-BE60-FE4EAE5D9B66}.Debug|Any CPU.Build.0 = Debug|Any CPU
		{1A3984E7-6761-4B1B-BE60-FE4EAE5D9B66}.Release|Any CPU.ActiveCfg = Release|Any CPU
		{1A3984E7-6761-4B1B-BE60-FE4EAE5D9B66}.Release|Any CPU.Build.0 = Release|Any CPU
		{FAC819EF-BF3E-414F-B3C4-4C1E84FEA91F}.Debug|Any CPU.ActiveCfg = Debug|Any CPU
		{FAC819EF-BF3E-414F-B3C4-4C1E84FEA91F}.Debug|Any CPU.Build.0 = Debug|Any CPU
		{FAC819EF-BF3E-414F-B3C4-4C1E84FEA91F}.Release|Any CPU.ActiveCfg = Release|Any CPU
		{FAC819EF-BF3E-414F-B3C4-4C1E84FEA91F}.Release|Any CPU.Build.0 = Release|Any CPU
	EndGlobalSection
	GlobalSection(SolutionProperties) = preSolution
		HideSolutionNode = FALSE
	EndGlobalSection
	GlobalSection(ExtensibilityGlobals) = postSolution
		SolutionGuid = {9D261F1A-50F4-4856-94B7-6782714C3D09}
	EndGlobalSection
EndGlobal
